
Microsoft Visual Studio Solution File, Format Version 12.00
# Visual Studio Version 17
VisualStudioVersion = 17.7.34024.191
MinimumVisualStudioVersion = 10.0.40219.1
Project("{FAE04EC0-301F-11D3-BF4B-00C04F79EFBC}") = "LWver2.Android", "LWver2\LWver2.Android\LWver2.Android.csproj", "{4A427A06-0571-477D-BAC6-79F021C0C43C}"
EndProject
Project("{FAE04EC0-301F-11D3-BF4B-00C04F79EFBC}") = "LWver2", "LWver2\LWver2\LWver2.csproj", "{29308EF5-329B-446F-8145-68F18352A559}"
EndProject
Global
	GlobalSection(SolutionConfigurationPlatforms) = preSolution
		Debug|Any CPU = Debug|Any CPU
		Release|Any CPU = Release|Any CPU
	EndGlobalSection
	GlobalSection(ProjectConfigurationPlatforms) = postSolution
		{4A427A06-0571-477D-BAC6-79F021C0C43C}.Debug|Any CPU.ActiveCfg = Debug|Any CPU
		{4A427A06-0571-477D-BAC6-79F021C0C43C}.Debug|Any CPU.Build.0 = Debug|Any CPU
		{4A427A06-0571-477D-BAC6-79F021C0C43C}.Debug|Any CPU.Deploy.0 = Debug|Any CPU
		{4A427A06-0571-477D-BAC6-79F021C0C43C}.Release|Any CPU.ActiveCfg = Release|Any CPU
		{4A427A06-0571-477D-BAC6-79F021C0C43C}.Release|Any CPU.Build.0 = Release|Any CPU
		{4A427A06-0571-477D-BAC6-79F021C0C43C}.Release|Any CPU.Deploy.0 = Release|Any CPU
		{29308EF5-329B-446F-8145-68F18352A559}.Debug|Any CPU.ActiveCfg = Debug|Any CPU
		{29308EF5-329B-446F-8145-68F18352A559}.Debug|Any CPU.Build.0 = Debug|Any CPU
		{29308EF5-329B-446F-8145-68F18352A559}.Debug|Any CPU.Deploy.0 = Debug|Any CPU
		{29308EF5-329B-446F-8145-68F18352A559}.Release|Any CPU.ActiveCfg = Release|Any CPU
		{29308EF5-329B-446F-8145-68F18352A559}.Release|Any CPU.Build.0 = Release|Any CPU
		{29308EF5-329B-446F-8145-68F18352A559}.Release|Any CPU.Deploy.0 = Release|Any CPU
	EndGlobalSection
	GlobalSection(SolutionProperties) = preSolution
		HideSolutionNode = FALSE
	EndGlobalSection
	GlobalSection(ExtensibilityGlobals) = postSolution
		SolutionGuid = {79CE7D1A-D654-4FDD-B1DB-A950C4C09CD2}
	EndGlobalSection
EndGlobal
